
Microsoft Visual Studio Solution File, Format Version 12.00
# Visual Studio Version 17
VisualStudioVersion = 17.8.34511.84
MinimumVisualStudioVersion = 10.0.40219.1
Project("{9A19103F-16F7-4668-BE54-9A1E7A4F7556}") = "RoomControllerCSharp", "RoomControllerCSharp\RoomControllerCSharp.csproj", "{EC4E0C1C-D30A-46E6-B8F4-D03CB3C6E187}"
EndProject
Project("{9A19103F-16F7-4668-BE54-9A1E7A4F7556}") = "RoomControllerCSharp.Desktop", "RoomControllerCSharp.Desktop\RoomControllerCSharp.Desktop.csproj", "{873DFD7F-E20B-4BA0-AB77-981975E42426}"
EndProject
Global
	GlobalSection(SolutionConfigurationPlatforms) = preSolution
		Debug|Any CPU = Debug|Any CPU
		Release|Any CPU = Release|Any CPU
	EndGlobalSection
	GlobalSection(ProjectConfigurationPlatforms) = postSolution
		{EC4E0C1C-D30A-46E6-B8F4-D03CB3C6E187}.Debug|Any CPU.ActiveCfg = Debug|Any CPU
		{EC4E0C1C-D30A-46E6-B8F4-D03CB3C6E187}.Debug|Any CPU.Build.0 = Debug|Any CPU
		{EC4E0C1C-D30A-46E6-B8F4-D03CB3C6E187}.Release|Any CPU.ActiveCfg = Release|Any CPU
		{EC4E0C1C-D30A-46E6-B8F4-D03CB3C6E187}.Release|Any CPU.Build.0 = Release|Any CPU
		{873DFD7F-E20B-4BA0-AB77-981975E42426}.Debug|Any CPU.ActiveCfg = Debug|Any CPU
		{873DFD7F-E20B-4BA0-AB77-981975E42426}.Debug|Any CPU.Build.0 = Debug|Any CPU
		{873DFD7F-E20B-4BA0-AB77-981975E42426}.Release|Any CPU.ActiveCfg = Release|Any CPU
		{873DFD7F-E20B-4BA0-AB77-981975E42426}.Release|Any CPU.Build.0 = Release|Any CPU
	EndGlobalSection
	GlobalSection(SolutionProperties) = preSolution
		HideSolutionNode = FALSE
	EndGlobalSection
	GlobalSection(ExtensibilityGlobals) = postSolution
		SolutionGuid = {18F5DB6F-67D1-462E-99EC-8557B02BA850}
	EndGlobalSection
EndGlobal
